github.com/blang/semver v3.5.1+incompatible h1:cQNTCjp13qL8KC3Nbxr/y2Bqb63oX6wdnnjpJbkM4JQ=
github.com/blang/semver v3.5.1+incompatible/go.mod h1:kRBLl5iJ+tD4TcOOxsy/0fnwebNt5EWlYSAyrTnjyyk=
github.com/colt3k/nglog v0.0.1/go.mod h1:1uzjsWq3W1tGYxZ3/kGrXpmeaVPvt9chX7n5cn/Qp8c=
github.com/colt3k/nglog v0.0.17/go.mod h1:sjAPAnpP/TjB3AM6tzlEO7P8MI7v6DcsQCYlkv5N4T8=
github.com/colt3k/nglog v0.0.22 h1:bnAVg6OtVlNPghZphL+bTvxw0CANA5C63rReFpshnHU=
github.com/colt3k/nglog v0.0.22/go.mod h1:sjAPAnpP/TjB3AM6tzlEO7P8MI7v6DcsQCYlkv5N4T8=
github.com/colt3k/utils/archive v0.0.5 h1:aeS6Uvi+Ml3OITLTDiiqyiYA2InG4Y5abZ3YW4ryxJo=
github.com/colt3k/utils/archive v0.0.5/go.mod h1:ZCw58mw01d/Qa7WlIyPiwDjLUFuQCX8/9oiczTjC+90=
github.com/colt3k/utils/crypt v0.0.1/go.mod h1:g6Wcw08sR4VqMkT6+3QGiX4fb+NKl9QvwsmiLnsLKOs=
github.com/colt3k/utils/debug v0.0.1 h1:WrgV7zMXPgQWyyU63+WjDz6g7NUw/UKH7IBGCjVAjXI=
github.com/colt3k/utils/debug v0.0.1/go.mod h1:k7QoueEqNaVpjwQ+XLVFTXhzhYdvCEMSZaa4MvMV9mw=
github.com/colt3k/utils/encode v0.0.1/go.mod h1:WVkLaBMJuvVnzm7MQuhLddJ+jLKYVzBVTUXIHOupGD8=
github.com/colt3k/utils/encode v0.0.2/go.mod h1:CImsKPEjGaUlImx34pOZoDrAFmpZlRuzXyz4+Cd3fa4=
github.com/colt3k/utils/file v0.0.5/go.mod h1:sBTbLpmad+BSBhux4q+8sau/b3DKQbqHE5ikdijFsLA=
github.com/colt3k/utils/hash v0.0.1/go.mod h1:G10f8mRqYjCn5O0eGoHO6duHNS3k1ciApdVVvDad7kI=
github.com/colt3k/utils/hash v0.0.3/go.mod h1:tW78n3Qn3VcfynRBcDjq+z5X2WegrYX5BQhbhSdQxWc=
github.com/colt3k/utils/io v0.0.14 h1:2TdkVBQOFiDd5NY3asIWOACmJFsqMIlTTo70tUaETa8=
github.com/colt3k/utils/io v0.0.14/go.mod h1:hiu1o4hz6OfBzLhxRjX7EFYp7S5CULyhPvhLluoRl20=
github.com/colt3k/utils/mathut v0.0.1/go.mod h1:YK4vx6fJOhaIJ3idYVcILYl99CNpLol7mlG+K+PnJNw=
github.com/colt3k/utils/mathut v0.0.2 h1:nQz6DnAxBwlG4To9BYMG+pfnEXMU0FcSV6OLsEJoN9Q=
github.com/colt3k/utils/mathut v0.0.2/go.mod h1:yvkrho04UtKYwbEcvUlHwiNUdGVSwh6Jk4tXGyHfo5g=
github.com/colt3k/utils/netut v0.0.1/go.mod h1:OTcQKaUjhExTGqzJJ6jg43uhGkAL+4JPDOpMiGQx6PU=
github.com/colt3k/utils/netut v0.0.11 h1:cIk1QmSbtxgqzilVYkXLpzGoowazVyfR5pi6SmdRhoE=
github.com/colt3k/utils/netut v0.0.11/go.mod h1:vYUULUUcknSScf748n+sjOIpT8tOPF8O/6tNs/QN34E=
github.com/colt3k/utils/osut v0.0.1 h1:6iNcG8jk8IjNnsxZuRS9vQeJLlihgx1cUmQnraPngV0=
github.com/colt3k/utils/osut v0.0.1/go.mod h1:a9YuFtk23T9NNhGWzK4FFnGDnfghS34nt4fO0hBeCfc=
github.com/colt3k/utils/ques v0.0.1 h1:NH/9BYYO1MeZh0SnEd/1v647uEKS2WViK4osxf2UU9M=
github.com/colt3k/utils/ques v0.0.1/go.mod h1:9H9ux0RHILcD8rxv8t+mKQ/G0Mc/3//i/If1VjUSBVw=
github.com/colt3k/utils/stats v0.0.1 h1:rKlyHfXNXbftjIBdabM4TP4A4mDarR168E95B6mp4YQ=
github.com/colt3k/utils/stats v0.0.1/go.mod h1:cisus6IGJ7SeXR/AfG5wctFr0C4yV+gFrnn4ME7G2Gs=
github.com/colt3k/utils/stringut v0.0.1/go.mod h1:LkfccKIxHAjHsyCNVb/LEENuMUJZ+2+qq8JWjl4qOFE=
github.com/colt3k/utils/version v0.0.3 h1:7CIF92puUOAjB6gOVAmXFoMh7OmeO8YUMSWhdO0vzdU=
github.com/colt3k/utils/version v0.0.3/go.mod h1:iqXaSNAN0EzwP4v5fMbJMeJoHqmfAV8ZKCbOE+c02xY=
github.com/go-mail/mail v2.3.1+incompatible h1:UzNOn0k5lpfVtO31cK3hn6I4VEVGhe3lX8AJBAxXExM=
github.com/go-mail/mail v2.3.1+incompatible/go.mod h1:VPWjmmNyRsWXQZHVHT3g0YbIINUkSmuKOiLIDkWbL6M=
github.com/gonutz/w32 v1.0.0 h1:3t1z6ZfkFvirjFYBx9pHeHBuKoN/VBVk9yHb/m2Ll/k=
github.com/gonutz/w32 v1.0.0/go.mod h1:Rc/YP5K9gv0FW4p6X9qL3E7Y56lfMflEol1fLElfMW4=
github.com/gorilla/context v1.1.1/go.mod h1:kBGZzfjB9CEq2AlWe17Uuf7NDRt0dE0s8S51q0aT7Yg=
github.com/gorilla/http v0.0.0-20180526232503-732371cf4733 h1:XP4dudjlxzadyN7vy99RS0wKby/Kkcp4Ejnl7eE7HPY=
github.com/gorilla/http v0.0.0-20180526232503-732371cf4733/go.mod h1:7SoxxYlLs8XfoT5AXYy1WWMqjg3iaA9gZblNHzXQDqo=
github.com/gorilla/mux v1.6.2/go.mod h1:1lud6UwP+6orDFRuTfBEV8e9/aOM/c4fVVCaMa2zaAs=
github.com/iancoleman/orderedmap v0.0.0-20190103220030-893c443ae36e h1:GQjjP9DUeu6jcJvzGVOMujL8tjls+/iB55yG1JEjj48=
github.com/iancoleman/orderedmap v0.0.0-20190103220030-893c443ae36e/go.mod h1:N0Wam8K1arqPXNWjMo21EXnBPOPp36vB07FNRdD2geA=
github.com/mattn/go-isatty v0.0.4/go.mod h1:M+lRXTBqGeGNdLjl/ufCoiOlB5xdOkqRJdNxMWT7Zi4=
github.com/mattn/go-isatty v0.0.12 h1:wuysRhFDzyxgEmMf5xjvJ2M9dZoWAXNNr5LSBS7uHXY=
github.com/mattn/go-isatty v0.0.12/go.mod h1:cbi8OIDigv2wuxKPP5vlRcQ1OAZbq2CE4Kysco4FUpU=
github.com/mgutz/str v1.2.0 h1:4IzWSdIz9qPQWLfKZ0rJcV0jcUDpxvP4JVZ4GXQyvSw=
github.com/mgutz/str v1.2.0/go.mod h1:w1v0ofgLaJdoD0HpQ3fycxKD1WtxpjSo151pK/31q6w=
github.com/pierrec/lz4 v2.6.0+incompatible/go.mod h1:pdkljMzZIN41W+lC3N2tnIh5sFi+IEE17M5jbnwPHcY=
github.com/pkg/errors v0.8.0/go.mod h1:bwawxfHBFNV+L2hUp1rHADufV3IMtnDRdf1r5NINEl0=
github.com/pkg/errors v0.8.1/go.mod h1:bwawxfHBFNV+L2hUp1rHADufV3IMtnDRdf1r5NINEl0=
github.com/pkg/errors v0.9.1 h1:FEBLx1zS214owpjy7qsBeixbURkuhQAwrK5UwLGTwt4=
github.com/pkg/errors v0.9.1/go.mod h1:bwawxfHBFNV+L2hUp1rHADufV3IMtnDRdf1r5NINEl0=
github.com/rwcarlsen/goexif v0.0.0-20180518182100-8d986c03457a/go.mod h1:hPqNNc0+uJM6H+SuU8sEs5K5IQeKccPqeSjfgcKGgPk=
github.com/ulikunitz/xz v0.5.10/go.mod h1:nbz6k7qbPmH4IRqmfOplQw/tblSgqTqBwxkY0oWt/14=
github.com/xi2/xz v0.0.0-20171230120015-48954b6210f8/go.mod h1:HUYIGzjTL3rfEspMxjDjgmT5uz5wzYJKVo23qUhYTos=
golang.org/x/crypto v0.0.0-20180515001509-1a580b3eff78/go.mod h1:6SG95UA2DQfeDnfUPMdvaQW0Q7yPrPDi9nlGo2tz2b4=
golang.org/x/crypto v0.0.0-20181106171534-e4dc69e5b2fd/go.mod h1:6SG95UA2DQfeDnfUPMdvaQW0Q7yPrPDi9nlGo2tz2b4=
golang.org/x/crypto v0.0.0-20190102171810-8d7daa0c54b3/go.mod h1:6SG95UA2DQfeDnfUPMdvaQW0Q7yPrPDi9nlGo2tz2b4=
golang.org/x/crypto v0.0.0-20190103213133-ff983b9c42bc/go.mod h1:6SG95UA2DQfeDnfUPMdvaQW0Q7yPrPDi9nlGo2tz2b4=
golang.org/x/crypto v0.0.0-20210711020723-a769d52b0f97 h1:/UOmuWzQfxxo9UtlXMwuQU8CMgg1eZXqTRwkSQJWKOI=
golang.org/x/crypto v0.0.0-20210711020723-a769d52b0f97/go.mod h1:GvvjBRRGRdwPK5ydBHafDWAxML/pGHZbMvKqRZ5+Abc=
golang.org/x/net v0.0.0-20210226172049-e18ecbb05110/go.mod h1:m0MpNAwzfU5UDzcl9v0D8zg8gWTRqZa9RBIspLL5mdg=
golang.org/x/sys v0.0.0-20181107165924-66b7b1311ac8/go.mod h1:STP8DvDyc/dI5b8T5hshtkjS+E42TnysNCUPdjciGhY=
golang.org/x/sys v0.0.0-20190102155601-82a175fd1598/go.mod h1:STP8DvDyc/dI5b8T5hshtkjS+E42TnysNCUPdjciGhY=
golang.org/x/sys v0.0.0-20190524152521-dbbf3f1254d4/go.mod h1:h1NjWce9XRLGQEsW7wpKNCjG9DtNlClVuFLEZdDNbEs=
golang.org/x/sys v0.0.0-20190526052359-791d8a0f4d09/go.mod h1:h1NjWce9XRLGQEsW7wpKNCjG9DtNlClVuFLEZdDNbEs=
golang.org/x/sys v0.0.0-20200116001909-b77594299b42/go.mod h1:h1NjWce9XRLGQEsW7wpKNCjG9DtNlClVuFLEZdDNbEs=
golang.org/x/sys v0.0.0-20201119102817-f84b799fce68/go.mod h1:h1NjWce9XRLGQEsW7wpKNCjG9DtNlClVuFLEZdDNbEs=
golang.org/x/sys v0.0.0-20210414055047-fe65e336abe0/go.mod h1:h1NjWce9XRLGQEsW7wpKNCjG9DtNlClVuFLEZdDNbEs=
golang.org/x/sys v0.0.0-20210615035016-665e8c7367d1/go.mod h1:oPkhp1MJrh7nUepCBck5+mAzfO9JrbApNNgaTdGDITg=
golang.org/x/sys v0.0.0-20210630005230-0f9fa26af87c h1:F1jZWGFhYfh0Ci55sIpILtKKK8p3i2/krTr0H1rg74I=
golang.org/x/sys v0.0.0-20210630005230-0f9fa26af87c/go.mod h1:oPkhp1MJrh7nUepCBck5+mAzfO9JrbApNNgaTdGDITg=
golang.org/x/term v0.0.0-20201126162022-7de9c90e9dd1/go.mod h1:bj7SfCRtBDWHUb9snDiAeCFNEtKQo2Wmx5Cou7ajbmo=
golang.org/x/term v0.0.0-20210615171337-6886f2dfbf5b h1:9zKuko04nR4gjZ4+DNjHqRlAJqbJETHwiNKDqTfOjfE=
golang.org/x/term v0.0.0-20210615171337-6886f2dfbf5b/go.mod h1:jbD1KX2456YbFQfuXm/mYQcufACuNUgVhRMnK/tPxf8=
golang.org/x/text v0.3.3/go.mod h1:5Zoc/QRtKVWzQhOtBMvqHzDpF6irO9z98xDceosuGiQ=
golang.org/x/tools v0.0.0-20180917221912-90fa682c2a6e/go.mod h1:n7NCudcB/nEzxVGmLbDWY5pfWTLqBcC2KZ6jyYvM4mQ=
gopkg.in/alexcesaro/quotedprintable.v3 v3.0.0-20150716171945-2caba252f4dc h1:2gGKlE2+asNV9m7xrywl36YYNnBG5ZQ0r/BOOxqPpmk=
gopkg.in/alexcesaro/quotedprintable.v3 v3.0.0-20150716171945-2caba252f4dc/go.mod h1:m7x9LTH6d71AHyAX77c9yqWCCa3UKHcVEj9y7hAtKDk=
gopkg.in/mail.v2 v2.3.1 h1:WYFn/oANrAGP2C0dcV6/pbkPzv8yGzqTjPmTeO7qoXk=
gopkg.in/mail.v2 v2.3.1/go.mod h1:htwXN1Qh09vZJ1NVKxQqHPBaCBbzKhp5GzuJEA4VJWw=
