github.com/colt3k/nglog v0.0.32 h1:I+eG0/i1l8t7xyLKerHjqJ947+VrmXXjGwC4WMzI1pQ=
github.com/colt3k/nglog v0.0.32/go.mod h1:BAX+vrBy5oS06545KeBVtxKRyx3mOROBT0qxPZX7kVY=
github.com/colt3k/utils/archive v0.0.10 h1:3PndmK3jl4taIVyq6TyRHtDGSL+zOb1MnUjEU/xp3bE=
github.com/colt3k/utils/archive v0.0.10/go.mod h1:PczTXO3TMRQ0kcYasM6wcc64958N73fFawM/2T62lec=
github.com/colt3k/utils/debug v0.0.2 h1:tKMvirBhJFkYRpEO2CjrpzXJA7Avdzuf1bnC4epE0Qg=
github.com/colt3k/utils/debug v0.0.2/go.mod h1:TOGYW3C4AAOTqh3HJgJIrOiZCQoPjrQediLlw2F8PjY=
github.com/colt3k/utils/encode v0.0.8 h1:+D+oRHvyxEovrIRLfChbxnnW8zOjW8PIDoIgJ9NpkL0=
github.com/colt3k/utils/encode v0.0.8/go.mod h1:paVJhkI4OEojUQqF/AGCIURp79BtPYLVBUEe8Hf/rbo=
github.com/colt3k/utils/file v0.0.13 h1:JxSxK1nIev1AOnA2Z5DFRIm4xwg5/w/tJUL3SQ+QAVo=
github.com/colt3k/utils/file v0.0.13/go.mod h1:DdyHPMHWAwPGBL9OvzO8aCl9u5aGx9uGATgMY2YzkMw=
github.com/colt3k/utils/hash v0.0.10 h1:l89jKMce6rvT3O+0wMmXvLXexmQnNJT62rD12L1tWEg=
github.com/colt3k/utils/hash v0.0.10/go.mod h1:xmpA7KYcPh8QmaDY1hII0s4pyOZTSD2HkBhqwSQSptw=
github.com/colt3k/utils/mathut v0.0.3 h1:CRji8GLhYz+tQEC5u/tpNwKPGcBv6k3V88ydJ8o8UDs=
github.com/colt3k/utils/mathut v0.0.3/go.mod h1:zqWPfeq8kIaHGXyPENaUKTZ+KO7op8lD56GerTS96VI=
github.com/colt3k/utils/stats v0.0.1 h1:rKlyHfXNXbftjIBdabM4TP4A4mDarR168E95B6mp4YQ=
github.com/colt3k/utils/stats v0.0.1/go.mod h1:cisus6IGJ7SeXR/AfG5wctFr0C4yV+gFrnn4ME7G2Gs=
github.com/go-mail/mail v2.3.1+incompatible h1:UzNOn0k5lpfVtO31cK3hn6I4VEVGhe3lX8AJBAxXExM=
github.com/go-mail/mail v2.3.1+incompatible/go.mod h1:VPWjmmNyRsWXQZHVHT3g0YbIINUkSmuKOiLIDkWbL6M=
github.com/gorilla/http v1.0.0 h1:IUVGpUJizpjJsfDoJlOFkt4YXm3ypJlTCzymVBHggtY=
github.com/gorilla/http v1.0.0/go.mod h1:I7WZNkKf2qPN94e0txUhxrVAdQ1tuxTPp6zkedisckU=
github.com/iancoleman/orderedmap v0.3.0 h1:5cbR2grmZR/DiVt+VJopEhtVs9YGInGIxAoMJn+Ichc=
github.com/iancoleman/orderedmap v0.3.0/go.mod h1:XuLcCUkdL5owUCQeF2Ue9uuw1EptkJDkXXS7VoV7XGE=
github.com/mattn/go-isatty v0.0.20 h1:xfD0iDuEKnDkl03q4limB+vH+GxLEtL/jb4xVJSWWEY=
github.com/mattn/go-isatty v0.0.20/go.mod h1:W+V8PltTTMOvKvAeJH7IuucS94S2C6jfK/D7dTCTo3Y=
github.com/pkg/errors v0.9.1 h1:FEBLx1zS214owpjy7qsBeixbURkuhQAwrK5UwLGTwt4=
github.com/pkg/errors v0.9.1/go.mod h1:bwawxfHBFNV+L2hUp1rHADufV3IMtnDRdf1r5NINEl0=
github.com/rwcarlsen/goexif v0.0.0-20180518182100-8d986c03457a h1:ZDZdsnbMuRSoVbq1gR47o005lfn2OwODNCr23zh9gSk=
github.com/rwcarlsen/goexif v0.0.0-20180518182100-8d986c03457a/go.mod h1:hPqNNc0+uJM6H+SuU8sEs5K5IQeKccPqeSjfgcKGgPk=
golang.org/x/sys v0.6.0/go.mod h1:oPkhp1MJrh7nUepCBck5+mAzfO9JrbApNNgaTdGDITg=
golang.org/x/sys v0.38.0 h1:3yZWxaJjBmCWXqhN1qh02AkOnCQ1poK6oF+a7xWL6Gc=
golang.org/x/sys v0.38.0/go.mod h1:OgkHotnGiDImocRcuBABYBEXf8A9a87e/uXjp9XT3ks=
gopkg.in/alexcesaro/quotedprintable.v3 v3.0.0-20150716171945-2caba252f4dc h1:2gGKlE2+asNV9m7xrywl36YYNnBG5ZQ0r/BOOxqPpmk=
gopkg.in/alexcesaro/quotedprintable.v3 v3.0.0-20150716171945-2caba252f4dc/go.mod h1:m7x9LTH6d71AHyAX77c9yqWCCa3UKHcVEj9y7hAtKDk=
gopkg.in/mail.v2 v2.3.1 h1:WYFn/oANrAGP2C0dcV6/pbkPzv8yGzqTjPmTeO7qoXk=
gopkg.in/mail.v2 v2.3.1/go.mod h1:htwXN1Qh09vZJ1NVKxQqHPBaCBbzKhp5GzuJEA4VJWw=
