github.com/colt3k/nglog v0.0.1/go.mod h1:1uzjsWq3W1tGYxZ3/kGrXpmeaVPvt9chX7n5cn/Qp8c=
github.com/colt3k/utils/crypt v0.0.1/go.mod h1:g6Wcw08sR4VqMkT6+3QGiX4fb+NKl9QvwsmiLnsLKOs=
github.com/colt3k/utils/debug v0.0.1 h1:WrgV7zMXPgQWyyU63+WjDz6g7NUw/UKH7IBGCjVAjXI=
github.com/colt3k/utils/debug v0.0.1/go.mod h1:k7QoueEqNaVpjwQ+XLVFTXhzhYdvCEMSZaa4MvMV9mw=
github.com/colt3k/utils/encode v0.0.1/go.mod h1:WVkLaBMJuvVnzm7MQuhLddJ+jLKYVzBVTUXIHOupGD8=
github.com/colt3k/utils/encode v0.0.2 h1:gLPuKcQ0A+d0n+Q3BCF+HVAkyEdpX/+V/8gbg7s3FGg=
github.com/colt3k/utils/encode v0.0.2/go.mod h1:CImsKPEjGaUlImx34pOZoDrAFmpZlRuzXyz4+Cd3fa4=
github.com/colt3k/utils/file v0.0.5 h1:4OEqzi36oLPUw5cPZNd8rQTqOJrbW+cTfVXiq2EEt6c=
github.com/colt3k/utils/file v0.0.5/go.mod h1:sBTbLpmad+BSBhux4q+8sau/b3DKQbqHE5ikdijFsLA=
github.com/colt3k/utils/hash v0.0.1/go.mod h1:G10f8mRqYjCn5O0eGoHO6duHNS3k1ciApdVVvDad7kI=
github.com/colt3k/utils/hash v0.0.3 h1:DA6+/48PkVYiEt/Qp//ie8WEcdEAVhdyHW8748inwws=
github.com/colt3k/utils/hash v0.0.3/go.mod h1:tW78n3Qn3VcfynRBcDjq+z5X2WegrYX5BQhbhSdQxWc=
github.com/colt3k/utils/mathut v0.0.1/go.mod h1:YK4vx6fJOhaIJ3idYVcILYl99CNpLol7mlG+K+PnJNw=
github.com/colt3k/utils/mathut v0.0.2 h1:nQz6DnAxBwlG4To9BYMG+pfnEXMU0FcSV6OLsEJoN9Q=
github.com/colt3k/utils/mathut v0.0.2/go.mod h1:yvkrho04UtKYwbEcvUlHwiNUdGVSwh6Jk4tXGyHfo5g=
github.com/colt3k/utils/netut v0.0.1/go.mod h1:OTcQKaUjhExTGqzJJ6jg43uhGkAL+4JPDOpMiGQx6PU=
github.com/colt3k/utils/stats v0.0.1 h1:rKlyHfXNXbftjIBdabM4TP4A4mDarR168E95B6mp4YQ=
github.com/colt3k/utils/stats v0.0.1/go.mod h1:cisus6IGJ7SeXR/AfG5wctFr0C4yV+gFrnn4ME7G2Gs=
github.com/colt3k/utils/stringut v0.0.1/go.mod h1:LkfccKIxHAjHsyCNVb/LEENuMUJZ+2+qq8JWjl4qOFE=
github.com/gorilla/context v1.1.1/go.mod h1:kBGZzfjB9CEq2AlWe17Uuf7NDRt0dE0s8S51q0aT7Yg=
github.com/gorilla/http v0.0.0-20180526232503-732371cf4733 h1:XP4dudjlxzadyN7vy99RS0wKby/Kkcp4Ejnl7eE7HPY=
github.com/gorilla/http v0.0.0-20180526232503-732371cf4733/go.mod h1:7SoxxYlLs8XfoT5AXYy1WWMqjg3iaA9gZblNHzXQDqo=
github.com/gorilla/mux v1.6.2/go.mod h1:1lud6UwP+6orDFRuTfBEV8e9/aOM/c4fVVCaMa2zaAs=
github.com/iancoleman/orderedmap v0.0.0-20190103220030-893c443ae36e h1:GQjjP9DUeu6jcJvzGVOMujL8tjls+/iB55yG1JEjj48=
github.com/iancoleman/orderedmap v0.0.0-20190103220030-893c443ae36e/go.mod h1:N0Wam8K1arqPXNWjMo21EXnBPOPp36vB07FNRdD2geA=
github.com/mattn/go-isatty v0.0.4/go.mod h1:M+lRXTBqGeGNdLjl/ufCoiOlB5xdOkqRJdNxMWT7Zi4=
github.com/pkg/errors v0.8.0/go.mod h1:bwawxfHBFNV+L2hUp1rHADufV3IMtnDRdf1r5NINEl0=
github.com/pkg/errors v0.8.1/go.mod h1:bwawxfHBFNV+L2hUp1rHADufV3IMtnDRdf1r5NINEl0=
github.com/rwcarlsen/goexif v0.0.0-20180518182100-8d986c03457a h1:ZDZdsnbMuRSoVbq1gR47o005lfn2OwODNCr23zh9gSk=
github.com/rwcarlsen/goexif v0.0.0-20180518182100-8d986c03457a/go.mod h1:hPqNNc0+uJM6H+SuU8sEs5K5IQeKccPqeSjfgcKGgPk=
golang.org/x/crypto v0.0.0-20180515001509-1a580b3eff78/go.mod h1:6SG95UA2DQfeDnfUPMdvaQW0Q7yPrPDi9nlGo2tz2b4=
golang.org/x/crypto v0.0.0-20181106171534-e4dc69e5b2fd/go.mod h1:6SG95UA2DQfeDnfUPMdvaQW0Q7yPrPDi9nlGo2tz2b4=
golang.org/x/crypto v0.0.0-20190102171810-8d7daa0c54b3/go.mod h1:6SG95UA2DQfeDnfUPMdvaQW0Q7yPrPDi9nlGo2tz2b4=
golang.org/x/crypto v0.0.0-20190103213133-ff983b9c42bc/go.mod h1:6SG95UA2DQfeDnfUPMdvaQW0Q7yPrPDi9nlGo2tz2b4=
golang.org/x/crypto v0.0.0-20210711020723-a769d52b0f97 h1:/UOmuWzQfxxo9UtlXMwuQU8CMgg1eZXqTRwkSQJWKOI=
golang.org/x/crypto v0.0.0-20210711020723-a769d52b0f97/go.mod h1:GvvjBRRGRdwPK5ydBHafDWAxML/pGHZbMvKqRZ5+Abc=
golang.org/x/net v0.0.0-20210226172049-e18ecbb05110/go.mod h1:m0MpNAwzfU5UDzcl9v0D8zg8gWTRqZa9RBIspLL5mdg=
golang.org/x/sys v0.0.0-20181107165924-66b7b1311ac8/go.mod h1:STP8DvDyc/dI5b8T5hshtkjS+E42TnysNCUPdjciGhY=
golang.org/x/sys v0.0.0-20190524152521-dbbf3f1254d4/go.mod h1:h1NjWce9XRLGQEsW7wpKNCjG9DtNlClVuFLEZdDNbEs=
golang.org/x/sys v0.0.0-20190526052359-791d8a0f4d09/go.mod h1:h1NjWce9XRLGQEsW7wpKNCjG9DtNlClVuFLEZdDNbEs=
golang.org/x/sys v0.0.0-20201119102817-f84b799fce68/go.mod h1:h1NjWce9XRLGQEsW7wpKNCjG9DtNlClVuFLEZdDNbEs=
golang.org/x/sys v0.0.0-20210615035016-665e8c7367d1/go.mod h1:oPkhp1MJrh7nUepCBck5+mAzfO9JrbApNNgaTdGDITg=
golang.org/x/sys v0.1.0 h1:kunALQeHf1/185U1i0GOB/fy1IPRDDpuoOOqRReG57U=
golang.org/x/sys v0.1.0/go.mod h1:oPkhp1MJrh7nUepCBck5+mAzfO9JrbApNNgaTdGDITg=
golang.org/x/term v0.0.0-20201126162022-7de9c90e9dd1/go.mod h1:bj7SfCRtBDWHUb9snDiAeCFNEtKQo2Wmx5Cou7ajbmo=
golang.org/x/term v0.0.0-20210615171337-6886f2dfbf5b h1:9zKuko04nR4gjZ4+DNjHqRlAJqbJETHwiNKDqTfOjfE=
golang.org/x/term v0.0.0-20210615171337-6886f2dfbf5b/go.mod h1:jbD1KX2456YbFQfuXm/mYQcufACuNUgVhRMnK/tPxf8=
golang.org/x/text v0.3.3/go.mod h1:5Zoc/QRtKVWzQhOtBMvqHzDpF6irO9z98xDceosuGiQ=
golang.org/x/tools v0.0.0-20180917221912-90fa682c2a6e/go.mod h1:n7NCudcB/nEzxVGmLbDWY5pfWTLqBcC2KZ6jyYvM4mQ=
