github.com/BurntSushi/toml v0.3.1/go.mod h1:xHWCNGjB5oqiDr8zfno3MHue2Ht5sIBksp03qcyfWMU=
github.com/colt3k/nglog v0.0.1/go.mod h1:1uzjsWq3W1tGYxZ3/kGrXpmeaVPvt9chX7n5cn/Qp8c=
github.com/colt3k/utils/crypt v0.0.1/go.mod h1:g6Wcw08sR4VqMkT6+3QGiX4fb+NKl9QvwsmiLnsLKOs=
github.com/colt3k/utils/encode v0.0.1/go.mod h1:WVkLaBMJuvVnzm7MQuhLddJ+jLKYVzBVTUXIHOupGD8=
github.com/colt3k/utils/file v0.0.1/go.mod h1:PxGygEQubP4BH7nv5HaQnw4FYhOVLojlPvHtErMpFSI=
github.com/colt3k/utils/hash v0.0.1/go.mod h1:G10f8mRqYjCn5O0eGoHO6duHNS3k1ciApdVVvDad7kI=
github.com/colt3k/utils/io v0.0.1/go.mod h1:nfGwnh4JYZGt7Xhb6HllVOXOysYU9Xd9tlW+jkgtUt0=
github.com/colt3k/utils/mathut v0.0.1/go.mod h1:YK4vx6fJOhaIJ3idYVcILYl99CNpLol7mlG+K+PnJNw=
github.com/colt3k/utils/netut v0.0.1/go.mod h1:OTcQKaUjhExTGqzJJ6jg43uhGkAL+4JPDOpMiGQx6PU=
github.com/colt3k/utils/ques v0.0.1/go.mod h1:9H9ux0RHILcD8rxv8t+mKQ/G0Mc/3//i/If1VjUSBVw=
github.com/colt3k/utils/stringut v0.0.1/go.mod h1:LkfccKIxHAjHsyCNVb/LEENuMUJZ+2+qq8JWjl4qOFE=
github.com/davecgh/go-spew v1.1.1/go.mod h1:J7Y8YcW2NihsgmVo/mv3lAwl/skON4iLHjSsI+c5H38=
github.com/gorilla/context v1.1.1/go.mod h1:kBGZzfjB9CEq2AlWe17Uuf7NDRt0dE0s8S51q0aT7Yg=
github.com/gorilla/http v0.0.0-20180526232503-732371cf4733/go.mod h1:7SoxxYlLs8XfoT5AXYy1WWMqjg3iaA9gZblNHzXQDqo=
github.com/gorilla/mux v1.6.2/go.mod h1:1lud6UwP+6orDFRuTfBEV8e9/aOM/c4fVVCaMa2zaAs=
github.com/iancoleman/orderedmap v0.0.0-20181121102841-22c6ecc9fe13/go.mod h1:N0Wam8K1arqPXNWjMo21EXnBPOPp36vB07FNRdD2geA=
github.com/iancoleman/orderedmap v0.0.0-20190103220030-893c443ae36e/go.mod h1:N0Wam8K1arqPXNWjMo21EXnBPOPp36vB07FNRdD2geA=
github.com/kr/pretty v0.1.0/go.mod h1:dAy3ld7l9f0ibDNOQOHHMYYIIbhfbHSm3C4ZsoJORNo=
github.com/kr/pty v1.1.1/go.mod h1:pFQYn66WHrOpPYNljwOMqo10TkYh1fy3cYio2l3bCsQ=
github.com/kr/text v0.1.0/go.mod h1:4Jbv+DJW3UT/LiOwJeYQe1efqtUx/iVham/4vfdArNI=
github.com/magefile/mage v1.8.0/go.mod h1:IUDi13rsHje59lecXokTfGX0QIzO45uVPlXnJYsXepA=
github.com/mattn/go-isatty v0.0.4/go.mod h1:M+lRXTBqGeGNdLjl/ufCoiOlB5xdOkqRJdNxMWT7Zi4=
github.com/pelletier/go-toml v1.2.0/go.mod h1:5z9KED0ma1S8pY6P1sdut58dfprrGBbd/94hg7ilaic=
github.com/pkg/errors v0.8.0/go.mod h1:bwawxfHBFNV+L2hUp1rHADufV3IMtnDRdf1r5NINEl0=
github.com/pkg/errors v0.8.1/go.mod h1:bwawxfHBFNV+L2hUp1rHADufV3IMtnDRdf1r5NINEl0=
github.com/rwcarlsen/goexif v0.0.0-20180518182100-8d986c03457a/go.mod h1:hPqNNc0+uJM6H+SuU8sEs5K5IQeKccPqeSjfgcKGgPk=
golang.org/x/crypto v0.0.0-20180515001509-1a580b3eff78/go.mod h1:6SG95UA2DQfeDnfUPMdvaQW0Q7yPrPDi9nlGo2tz2b4=
golang.org/x/crypto v0.0.0-20181106171534-e4dc69e5b2fd/go.mod h1:6SG95UA2DQfeDnfUPMdvaQW0Q7yPrPDi9nlGo2tz2b4=
golang.org/x/crypto v0.0.0-20190102171810-8d7daa0c54b3/go.mod h1:6SG95UA2DQfeDnfUPMdvaQW0Q7yPrPDi9nlGo2tz2b4=
golang.org/x/crypto v0.0.0-20190103213133-ff983b9c42bc/go.mod h1:6SG95UA2DQfeDnfUPMdvaQW0Q7yPrPDi9nlGo2tz2b4=
golang.org/x/sys v0.0.0-20181107165924-66b7b1311ac8/go.mod h1:STP8DvDyc/dI5b8T5hshtkjS+E42TnysNCUPdjciGhY=
golang.org/x/sys v0.0.0-20190524152521-dbbf3f1254d4/go.mod h1:h1NjWce9XRLGQEsW7wpKNCjG9DtNlClVuFLEZdDNbEs=
golang.org/x/sys v0.0.0-20190526052359-791d8a0f4d09/go.mod h1:h1NjWce9XRLGQEsW7wpKNCjG9DtNlClVuFLEZdDNbEs=
gopkg.in/check.v1 v0.0.0-20161208181325-20d25e280405/go.mod h1:Co6ibVJAznAaIkqp8huTwlJQCZ016jof/cbN4VW5Yz0=
gopkg.in/check.v1 v1.0.0-20180628173108-788fd7840127/go.mod h1:Co6ibVJAznAaIkqp8huTwlJQCZ016jof/cbN4VW5Yz0=
gopkg.in/yaml.v2 v2.2.2/go.mod h1:hI93XBmqTisBFMUTm0b8Fm+jr3Dg1NNxqwp+5A1VGuI=
