github.com/colt3k/nglog v0.0.23/go.mod h1:AhWcmvtFMWEmX+OYGilVs4RsbaM8p0XRPsBKuxRh+Vo=
github.com/colt3k/nglog v0.0.24 h1:PejLqYpGOt//2czS/wxLH72xpM5Lx8PzH+CmWFr9Has=
github.com/colt3k/nglog v0.0.24/go.mod h1:AhWcmvtFMWEmX+OYGilVs4RsbaM8p0XRPsBKuxRh+Vo=
github.com/colt3k/utils/archive v0.0.8 h1:fFeYkYU1HjyZpGHigtIGaizDvusZRS4/aaG3POMcUSo=
github.com/colt3k/utils/archive v0.0.8/go.mod h1:jShS7XaVO4wEcdgxbrwj1BfPOgLxYKsqe31f6yQzJkY=
github.com/colt3k/utils/debug v0.0.1/go.mod h1:k7QoueEqNaVpjwQ+XLVFTXhzhYdvCEMSZaa4MvMV9mw=
github.com/colt3k/utils/encode v0.0.3 h1:rH1Nn64m21PeupXaiG9WheB4xQ4PEyOC4t0TQDZ/ZwI=
github.com/colt3k/utils/encode v0.0.3/go.mod h1:41KL4ApE/ClJifYy6hecHPDvL2Mo3WpnTYiEc5r9Nes=
github.com/colt3k/utils/file v0.0.8 h1:XgGMiMtTtzx4mEafVZd0FjkAJdfhUtRZwrl1q0Pe27M=
github.com/colt3k/utils/file v0.0.8/go.mod h1:ZX7aapBWmZBOe4xEgBN4mY0HzJuVDNhi0Jlqs1BZ05g=
github.com/colt3k/utils/hash v0.0.5 h1:rh0d5bRq/JdHtOwMJf6/90qTRF8XYsxpJB4+It44BTk=
github.com/colt3k/utils/hash v0.0.5/go.mod h1:vPTwpX5efj6VL7E3sQta7/Bwv4rpVCKSwzgr3uKWl0o=
github.com/colt3k/utils/io v0.0.15/go.mod h1:W5XGQb+840L1DcW5j3yR0I+Y22O3kABPHMk0xBhA57c=
github.com/colt3k/utils/io v0.0.16 h1:skXmVea+5kxalQpKPmviNPpXuyi1Sx+3hzJfkBnTznY=
github.com/colt3k/utils/io v0.0.16/go.mod h1:W5XGQb+840L1DcW5j3yR0I+Y22O3kABPHMk0xBhA57c=
github.com/colt3k/utils/mathut v0.0.2 h1:nQz6DnAxBwlG4To9BYMG+pfnEXMU0FcSV6OLsEJoN9Q=
github.com/colt3k/utils/mathut v0.0.2/go.mod h1:yvkrho04UtKYwbEcvUlHwiNUdGVSwh6Jk4tXGyHfo5g=
github.com/colt3k/utils/stats v0.0.1 h1:rKlyHfXNXbftjIBdabM4TP4A4mDarR168E95B6mp4YQ=
github.com/colt3k/utils/stats v0.0.1/go.mod h1:cisus6IGJ7SeXR/AfG5wctFr0C4yV+gFrnn4ME7G2Gs=
github.com/colt3k/utils/store v0.0.2 h1:UGrz48b0j9mK11FEs9TvJeuJnB17fedqVQacot+S65M=
github.com/colt3k/utils/store v0.0.2/go.mod h1:t5MJc+Uohy8uTRiQV5f+gBJNMPwTm5IS5tvL6pdgMoc=
github.com/colt3k/utils/stringut v0.0.3/go.mod h1:kREYZZoycuyTvZXZ6UZGUa6HTdQTrOyJnLP2h1awTlA=
github.com/creack/pty v1.1.9/go.mod h1:oKZEueFk5CKHvIhNR5MUki03XCEU+Q6VDXinZuGJ33E=
github.com/frankban/quicktest v1.14.3/go.mod h1:mgiwOwqx65TmIk1wJ6Q7wvnVMocbUorkibMOrVTHZps=
github.com/go-mail/mail v2.3.1+incompatible h1:UzNOn0k5lpfVtO31cK3hn6I4VEVGhe3lX8AJBAxXExM=
github.com/go-mail/mail v2.3.1+incompatible/go.mod h1:VPWjmmNyRsWXQZHVHT3g0YbIINUkSmuKOiLIDkWbL6M=
github.com/google/go-cmp v0.5.7/go.mod h1:n+brtR0CgQNWTVd5ZUFpTBC8YFBDLK/h/bpaJ8/DtOE=
github.com/gorilla/http v0.0.0-20180526232503-732371cf4733/go.mod h1:7SoxxYlLs8XfoT5AXYy1WWMqjg3iaA9gZblNHzXQDqo=
github.com/iancoleman/orderedmap v0.0.0-20190103220030-893c443ae36e/go.mod h1:N0Wam8K1arqPXNWjMo21EXnBPOPp36vB07FNRdD2geA=
github.com/kr/pretty v0.1.0/go.mod h1:dAy3ld7l9f0ibDNOQOHHMYYIIbhfbHSm3C4ZsoJORNo=
github.com/kr/pretty v0.3.0/go.mod h1:640gp4NfQd8pI5XOwp5fnNeVWj67G7CFk/SaSQn7NBk=
github.com/kr/pty v1.1.1/go.mod h1:pFQYn66WHrOpPYNljwOMqo10TkYh1fy3cYio2l3bCsQ=
github.com/kr/text v0.1.0/go.mod h1:4Jbv+DJW3UT/LiOwJeYQe1efqtUx/iVham/4vfdArNI=
github.com/kr/text v0.2.0/go.mod h1:eLer722TekiGuMkidMxC/pM04lWEeraHUUmBw8l2grE=
github.com/mattn/go-isatty v0.0.12 h1:wuysRhFDzyxgEmMf5xjvJ2M9dZoWAXNNr5LSBS7uHXY=
github.com/mattn/go-isatty v0.0.12/go.mod h1:cbi8OIDigv2wuxKPP5vlRcQ1OAZbq2CE4Kysco4FUpU=
github.com/pierrec/lz4 v2.6.0+incompatible/go.mod h1:pdkljMzZIN41W+lC3N2tnIh5sFi+IEE17M5jbnwPHcY=
github.com/pkg/errors v0.8.1 h1:iURUrRGxPUNPdy5/HRSm+Yj6okJ6UtLINN0Q9M4+h3I=
github.com/pkg/errors v0.8.1/go.mod h1:bwawxfHBFNV+L2hUp1rHADufV3IMtnDRdf1r5NINEl0=
github.com/rogpeppe/go-internal v1.6.1/go.mod h1:xXDCJY+GAPziupqXw64V24skbSoqbTEfhy4qGm1nDQc=
github.com/rwcarlsen/goexif v0.0.0-20180518182100-8d986c03457a/go.mod h1:hPqNNc0+uJM6H+SuU8sEs5K5IQeKccPqeSjfgcKGgPk=
github.com/ulikunitz/xz v0.5.10/go.mod h1:nbz6k7qbPmH4IRqmfOplQw/tblSgqTqBwxkY0oWt/14=
github.com/xi2/xz v0.0.0-20171230120015-48954b6210f8/go.mod h1:HUYIGzjTL3rfEspMxjDjgmT5uz5wzYJKVo23qUhYTos=
golang.org/x/crypto v0.0.0-20190103213133-ff983b9c42bc/go.mod h1:6SG95UA2DQfeDnfUPMdvaQW0Q7yPrPDi9nlGo2tz2b4=
golang.org/x/crypto v0.0.0-20210711020723-a769d52b0f97 h1:/UOmuWzQfxxo9UtlXMwuQU8CMgg1eZXqTRwkSQJWKOI=
golang.org/x/crypto v0.0.0-20210711020723-a769d52b0f97/go.mod h1:GvvjBRRGRdwPK5ydBHafDWAxML/pGHZbMvKqRZ5+Abc=
golang.org/x/net v0.0.0-20210226172049-e18ecbb05110/go.mod h1:m0MpNAwzfU5UDzcl9v0D8zg8gWTRqZa9RBIspLL5mdg=
golang.org/x/sys v0.0.0-20200116001909-b77594299b42/go.mod h1:h1NjWce9XRLGQEsW7wpKNCjG9DtNlClVuFLEZdDNbEs=
golang.org/x/sys v0.0.0-20201119102817-f84b799fce68/go.mod h1:h1NjWce9XRLGQEsW7wpKNCjG9DtNlClVuFLEZdDNbEs=
golang.org/x/sys v0.0.0-20210414055047-fe65e336abe0/go.mod h1:h1NjWce9XRLGQEsW7wpKNCjG9DtNlClVuFLEZdDNbEs=
golang.org/x/sys v0.0.0-20210615035016-665e8c7367d1/go.mod h1:oPkhp1MJrh7nUepCBck5+mAzfO9JrbApNNgaTdGDITg=
golang.org/x/sys v0.0.0-20210630005230-0f9fa26af87c h1:F1jZWGFhYfh0Ci55sIpILtKKK8p3i2/krTr0H1rg74I=
golang.org/x/sys v0.0.0-20210630005230-0f9fa26af87c/go.mod h1:oPkhp1MJrh7nUepCBck5+mAzfO9JrbApNNgaTdGDITg=
golang.org/x/term v0.0.0-20201126162022-7de9c90e9dd1/go.mod h1:bj7SfCRtBDWHUb9snDiAeCFNEtKQo2Wmx5Cou7ajbmo=
golang.org/x/term v0.0.0-20210615171337-6886f2dfbf5b h1:9zKuko04nR4gjZ4+DNjHqRlAJqbJETHwiNKDqTfOjfE=
golang.org/x/term v0.0.0-20210615171337-6886f2dfbf5b/go.mod h1:jbD1KX2456YbFQfuXm/mYQcufACuNUgVhRMnK/tPxf8=
golang.org/x/text v0.3.3/go.mod h1:5Zoc/QRtKVWzQhOtBMvqHzDpF6irO9z98xDceosuGiQ=
golang.org/x/tools v0.0.0-20180917221912-90fa682c2a6e/go.mod h1:n7NCudcB/nEzxVGmLbDWY5pfWTLqBcC2KZ6jyYvM4mQ=
golang.org/x/xerrors v0.0.0-20191204190536-9bdfabe68543/go.mod h1:I/5z698sn9Ka8TeJc9MKroUUfqBBauWjQqLJ2OPfmY0=
gopkg.in/alexcesaro/quotedprintable.v3 v3.0.0-20150716171945-2caba252f4dc h1:2gGKlE2+asNV9m7xrywl36YYNnBG5ZQ0r/BOOxqPpmk=
gopkg.in/alexcesaro/quotedprintable.v3 v3.0.0-20150716171945-2caba252f4dc/go.mod h1:m7x9LTH6d71AHyAX77c9yqWCCa3UKHcVEj9y7hAtKDk=
gopkg.in/check.v1 v1.0.0-20180628173108-788fd7840127/go.mod h1:Co6ibVJAznAaIkqp8huTwlJQCZ016jof/cbN4VW5Yz0=
gopkg.in/errgo.v2 v2.1.0/go.mod h1:hNsd1EY+bozCKY1Ytp96fpM3vjJbqLJn88ws8XvfDNI=
gopkg.in/mail.v2 v2.3.1 h1:WYFn/oANrAGP2C0dcV6/pbkPzv8yGzqTjPmTeO7qoXk=
gopkg.in/mail.v2 v2.3.1/go.mod h1:htwXN1Qh09vZJ1NVKxQqHPBaCBbzKhp5GzuJEA4VJWw=
