github.com/colt3k/nglog v0.0.30 h1:U1E+u/eCe+ykkfVhDmNjnIq9GfSWBRl1NImdsyMFoxs=
github.com/colt3k/nglog v0.0.30/go.mod h1:vO/I1ncye46oJTMPhDNIdCpFmus1+67aTsM6T5+9bf4=
github.com/colt3k/utils/archive v0.0.10 h1:3PndmK3jl4taIVyq6TyRHtDGSL+zOb1MnUjEU/xp3bE=
github.com/colt3k/utils/archive v0.0.10/go.mod h1:PczTXO3TMRQ0kcYasM6wcc64958N73fFawM/2T62lec=
github.com/colt3k/utils/encode v0.0.7 h1:jjA1j4W3XLZG2lA+eqtPjMVVskVOq9U8ARLz18BfiuU=
github.com/colt3k/utils/encode v0.0.7/go.mod h1:IIvKH6QJQsGolA9JnHfiRA8Kz1hiQm/nTTduyYktO8A=
github.com/colt3k/utils/file v0.0.11 h1:afexkhWOXN4ogr6cmFv4XeBRGikJhVib1C0yAdzhlng=
github.com/colt3k/utils/file v0.0.11/go.mod h1:YvjsHoCgskm06whBdRJEk6KYGTY/GZS0c2TCPBoirT0=
github.com/colt3k/utils/hash v0.0.8 h1:yAY9KCNLmq9p/ATVvAhulRZ5lRTAJ+qk4wvQOpjm8qE=
github.com/colt3k/utils/hash v0.0.8/go.mod h1:06FErYxMe5TOEZ6XPrV9f8ys/Zi0Subw0tdF1goTkSk=
github.com/colt3k/utils/mathut v0.0.3 h1:CRji8GLhYz+tQEC5u/tpNwKPGcBv6k3V88ydJ8o8UDs=
github.com/colt3k/utils/mathut v0.0.3/go.mod h1:zqWPfeq8kIaHGXyPENaUKTZ+KO7op8lD56GerTS96VI=
github.com/colt3k/utils/netut v0.0.24 h1:+/gBvqHPljh7qXXPSv/0IDpV4LPywNfW+dlImef2uU0=
github.com/colt3k/utils/netut v0.0.24/go.mod h1:5fZL6w3gulrHxmW4K16DTxBUHZ9J+DTxvvokM+fDu8U=
github.com/colt3k/utils/stats v0.0.1 h1:rKlyHfXNXbftjIBdabM4TP4A4mDarR168E95B6mp4YQ=
github.com/colt3k/utils/stats v0.0.1/go.mod h1:cisus6IGJ7SeXR/AfG5wctFr0C4yV+gFrnn4ME7G2Gs=
github.com/colt3k/utils/stringut v0.0.6 h1:3ni/q8jLPLHsf4UyTkpNo56yx6iCunGylv+/qltKHX4=
github.com/colt3k/utils/stringut v0.0.6/go.mod h1:r1evOvFSnjMqf3H2WnnW1hCNjWGMkK6j128cN876lNA=
github.com/go-mail/mail v2.3.1+incompatible h1:UzNOn0k5lpfVtO31cK3hn6I4VEVGhe3lX8AJBAxXExM=
github.com/go-mail/mail v2.3.1+incompatible/go.mod h1:VPWjmmNyRsWXQZHVHT3g0YbIINUkSmuKOiLIDkWbL6M=
github.com/mattn/go-isatty v0.0.20 h1:xfD0iDuEKnDkl03q4limB+vH+GxLEtL/jb4xVJSWWEY=
github.com/mattn/go-isatty v0.0.20/go.mod h1:W+V8PltTTMOvKvAeJH7IuucS94S2C6jfK/D7dTCTo3Y=
github.com/pkg/errors v0.9.1 h1:FEBLx1zS214owpjy7qsBeixbURkuhQAwrK5UwLGTwt4=
github.com/pkg/errors v0.9.1/go.mod h1:bwawxfHBFNV+L2hUp1rHADufV3IMtnDRdf1r5NINEl0=
golang.org/x/crypto v0.25.0 h1:ypSNr+bnYL2YhwoMt2zPxHFmbAN1KZs/njMG3hxUp30=
golang.org/x/crypto v0.25.0/go.mod h1:T+wALwcMOSE0kXgUAnPAHqTLW+XHgcELELW8VaDgm/M=
golang.org/x/net v0.21.0 h1:AQyQV4dYCvJ7vGmJyKki9+PBdyvhkSd8EIx/qb0AYv4=
golang.org/x/net v0.21.0/go.mod h1:bIjVDfnllIU7BJ2DNgfnXvpSvtn8VRwhlsaeUTyUS44=
golang.org/x/sys v0.6.0/go.mod h1:oPkhp1MJrh7nUepCBck5+mAzfO9JrbApNNgaTdGDITg=
golang.org/x/sys v0.22.0 h1:RI27ohtqKCnwULzJLqkv897zojh5/DwS/ENaMzUOaWI=
golang.org/x/sys v0.22.0/go.mod h1:/VUhepiaJMQUp4+oa/7Zr1D23ma6VTLIYjOOTFZPUcA=
golang.org/x/term v0.22.0 h1:BbsgPEJULsl2fV/AT3v15Mjva5yXKQDyKf+TbDz7QJk=
golang.org/x/term v0.22.0/go.mod h1:F3qCibpT5AMpCRfhfT53vVJwhLtIVHhB9XDjfFvnMI4=
golang.org/x/text v0.16.0 h1:a94ExnEXNtEwYLGJSIUxnWoxoRz/ZcCsV63ROupILh4=
golang.org/x/text v0.16.0/go.mod h1:GhwF1Be+LQoKShO3cGOHzqOgRrGaYc9AvblQOmPVHnI=
gopkg.in/alexcesaro/quotedprintable.v3 v3.0.0-20150716171945-2caba252f4dc h1:2gGKlE2+asNV9m7xrywl36YYNnBG5ZQ0r/BOOxqPpmk=
gopkg.in/alexcesaro/quotedprintable.v3 v3.0.0-20150716171945-2caba252f4dc/go.mod h1:m7x9LTH6d71AHyAX77c9yqWCCa3UKHcVEj9y7hAtKDk=
gopkg.in/mail.v2 v2.3.1 h1:WYFn/oANrAGP2C0dcV6/pbkPzv8yGzqTjPmTeO7qoXk=
gopkg.in/mail.v2 v2.3.1/go.mod h1:htwXN1Qh09vZJ1NVKxQqHPBaCBbzKhp5GzuJEA4VJWw=
