github.com/colt3k/nglog v0.0.1 h1:1DlRW2596wDlvg/3M9RBt386nc/2QsHZTuHGjYyQSMQ=
github.com/colt3k/nglog v0.0.1/go.mod h1:Jl3YVNnI073L+pCNXMAqWj7fnS/u2NSaZZ30OoRqoJ8=
github.com/colt3k/utils/encode v0.0.1 h1:D89Ng3qj71CA1nFLJRsR4ZGti+581jk4NIa25uvMYqg=
github.com/colt3k/utils/encode v0.0.1/go.mod h1:PT4+Aa+fxsImA5UUj+n5F5kC52DWMGLjiT/B0rQ4kzs=
github.com/colt3k/utils/hash v0.0.1 h1:31k4/umlna0fIQxUFpXQMrFqPW4nscSBXktFBj4l/cE=
github.com/colt3k/utils/hash v0.0.1/go.mod h1:G10f8mRqYjCn5O0eGoHO6duHNS3k1ciApdVVvDad7kI=
github.com/colt3k/utils/mathut v0.0.1/go.mod h1:7qlDgs79m5w39dp74ywvLscvZGPM0/0BAzCAD/CFVWc=
github.com/colt3k/utils/netut v0.0.1 h1:t2mvyHOAu8EW8JyfKAaKZSzWBm21jKb/Mk1UWmie0EM=
github.com/colt3k/utils/netut v0.0.1/go.mod h1:OTcQKaUjhExTGqzJJ6jg43uhGkAL+4JPDOpMiGQx6PU=
github.com/gorilla/context v1.1.1/go.mod h1:kBGZzfjB9CEq2AlWe17Uuf7NDRt0dE0s8S51q0aT7Yg=
github.com/gorilla/http v0.0.0-20180526232503-732371cf4733 h1:XP4dudjlxzadyN7vy99RS0wKby/Kkcp4Ejnl7eE7HPY=
github.com/gorilla/http v0.0.0-20180526232503-732371cf4733/go.mod h1:7SoxxYlLs8XfoT5AXYy1WWMqjg3iaA9gZblNHzXQDqo=
github.com/gorilla/mux v1.6.2/go.mod h1:1lud6UwP+6orDFRuTfBEV8e9/aOM/c4fVVCaMa2zaAs=
github.com/iancoleman/orderedmap v0.0.0-20181121102841-22c6ecc9fe13/go.mod h1:N0Wam8K1arqPXNWjMo21EXnBPOPp36vB07FNRdD2geA=
github.com/iancoleman/orderedmap v0.0.0-20190103220030-893c443ae36e h1:GQjjP9DUeu6jcJvzGVOMujL8tjls+/iB55yG1JEjj48=
github.com/iancoleman/orderedmap v0.0.0-20190103220030-893c443ae36e/go.mod h1:N0Wam8K1arqPXNWjMo21EXnBPOPp36vB07FNRdD2geA=
github.com/mattn/go-isatty v0.0.4 h1:bnP0vzxcAdeI1zdubAl5PjU6zsERjGZb7raWodagDYs=
github.com/mattn/go-isatty v0.0.4/go.mod h1:M+lRXTBqGeGNdLjl/ufCoiOlB5xdOkqRJdNxMWT7Zi4=
github.com/pkg/errors v0.8.0 h1:WdK/asTD0HN+q6hsWO3/vpuAkAr+tw6aNJNDFFf0+qw=
github.com/pkg/errors v0.8.0/go.mod h1:bwawxfHBFNV+L2hUp1rHADufV3IMtnDRdf1r5NINEl0=
github.com/pkg/errors v0.8.1 h1:iURUrRGxPUNPdy5/HRSm+Yj6okJ6UtLINN0Q9M4+h3I=
github.com/pkg/errors v0.8.1/go.mod h1:bwawxfHBFNV+L2hUp1rHADufV3IMtnDRdf1r5NINEl0=
github.com/rwcarlsen/goexif v0.0.0-20180518182100-8d986c03457a/go.mod h1:hPqNNc0+uJM6H+SuU8sEs5K5IQeKccPqeSjfgcKGgPk=
golang.org/x/crypto v0.0.0-20180515001509-1a580b3eff78/go.mod h1:6SG95UA2DQfeDnfUPMdvaQW0Q7yPrPDi9nlGo2tz2b4=
golang.org/x/crypto v0.0.0-20181106171534-e4dc69e5b2fd/go.mod h1:6SG95UA2DQfeDnfUPMdvaQW0Q7yPrPDi9nlGo2tz2b4=
golang.org/x/crypto v0.0.0-20190102171810-8d7daa0c54b3 h1:35ZwriXqdZtBGoFgUpW71Z7xz5o23fRpWHFAO2PlnIA=
golang.org/x/crypto v0.0.0-20190102171810-8d7daa0c54b3/go.mod h1:6SG95UA2DQfeDnfUPMdvaQW0Q7yPrPDi9nlGo2tz2b4=
golang.org/x/crypto v0.0.0-20190103213133-ff983b9c42bc h1:F5tKCVGp+MUAHhKp5MZtGqAlGX3+oCsiL1Q629FL90M=
golang.org/x/crypto v0.0.0-20190103213133-ff983b9c42bc/go.mod h1:6SG95UA2DQfeDnfUPMdvaQW0Q7yPrPDi9nlGo2tz2b4=
golang.org/x/sys v0.0.0-20180918153733-ee1b12c67af4/go.mod h1:STP8DvDyc/dI5b8T5hshtkjS+E42TnysNCUPdjciGhY=
golang.org/x/sys v0.0.0-20181107165924-66b7b1311ac8/go.mod h1:STP8DvDyc/dI5b8T5hshtkjS+E42TnysNCUPdjciGhY=
golang.org/x/sys v0.0.0-20190102155601-82a175fd1598 h1:S8GOgffXV1X3fpVG442QRfWOt0iFl79eHJ7OPt725bo=
golang.org/x/sys v0.0.0-20190102155601-82a175fd1598/go.mod h1:STP8DvDyc/dI5b8T5hshtkjS+E42TnysNCUPdjciGhY=
golang.org/x/sys v0.0.0-20190105165716-badf5585203e h1:34JZ+d5RsKTBgJnMpK4m6gzXRZ6H99pKveztnOI3+JA=
golang.org/x/sys v0.0.0-20190105165716-badf5585203e/go.mod h1:STP8DvDyc/dI5b8T5hshtkjS+E42TnysNCUPdjciGhY=
golang.org/x/sys v0.0.0-20190524152521-dbbf3f1254d4 h1:VSJ45BzqrVgR4clSx415y1rHH7QAGhGt71J0ZmhLYrc=
golang.org/x/sys v0.0.0-20190524152521-dbbf3f1254d4/go.mod h1:h1NjWce9XRLGQEsW7wpKNCjG9DtNlClVuFLEZdDNbEs=
