github.com/colt3k/nglog v0.0.32 h1:I+eG0/i1l8t7xyLKerHjqJ947+VrmXXjGwC4WMzI1pQ=
github.com/colt3k/nglog v0.0.32/go.mod h1:BAX+vrBy5oS06545KeBVtxKRyx3mOROBT0qxPZX7kVY=
github.com/colt3k/utils/archive v0.0.10 h1:3PndmK3jl4taIVyq6TyRHtDGSL+zOb1MnUjEU/xp3bE=
github.com/colt3k/utils/archive v0.0.10/go.mod h1:PczTXO3TMRQ0kcYasM6wcc64958N73fFawM/2T62lec=
github.com/go-mail/mail v2.3.1+incompatible h1:UzNOn0k5lpfVtO31cK3hn6I4VEVGhe3lX8AJBAxXExM=
github.com/go-mail/mail v2.3.1+incompatible/go.mod h1:VPWjmmNyRsWXQZHVHT3g0YbIINUkSmuKOiLIDkWbL6M=
github.com/mattn/go-isatty v0.0.20 h1:xfD0iDuEKnDkl03q4limB+vH+GxLEtL/jb4xVJSWWEY=
github.com/mattn/go-isatty v0.0.20/go.mod h1:W+V8PltTTMOvKvAeJH7IuucS94S2C6jfK/D7dTCTo3Y=
github.com/pkg/errors v0.9.1 h1:FEBLx1zS214owpjy7qsBeixbURkuhQAwrK5UwLGTwt4=
github.com/pkg/errors v0.9.1/go.mod h1:bwawxfHBFNV+L2hUp1rHADufV3IMtnDRdf1r5NINEl0=
golang.org/x/sys v0.6.0/go.mod h1:oPkhp1MJrh7nUepCBck5+mAzfO9JrbApNNgaTdGDITg=
golang.org/x/sys v0.32.0 h1:s77OFDvIQeibCmezSnk/q6iAfkdiQaJi4VzroCFrN20=
golang.org/x/sys v0.32.0/go.mod h1:BJP2sWEmIv4KK5OTEluFJCKSidICx8ciO85XgH3Ak8k=
gopkg.in/alexcesaro/quotedprintable.v3 v3.0.0-20150716171945-2caba252f4dc h1:2gGKlE2+asNV9m7xrywl36YYNnBG5ZQ0r/BOOxqPpmk=
gopkg.in/alexcesaro/quotedprintable.v3 v3.0.0-20150716171945-2caba252f4dc/go.mod h1:m7x9LTH6d71AHyAX77c9yqWCCa3UKHcVEj9y7hAtKDk=
gopkg.in/mail.v2 v2.3.1 h1:WYFn/oANrAGP2C0dcV6/pbkPzv8yGzqTjPmTeO7qoXk=
gopkg.in/mail.v2 v2.3.1/go.mod h1:htwXN1Qh09vZJ1NVKxQqHPBaCBbzKhp5GzuJEA4VJWw=
