github.com/colt3k/utils/debug v0.0.1 h1:WrgV7zMXPgQWyyU63+WjDz6g7NUw/UKH7IBGCjVAjXI=
github.com/colt3k/utils/debug v0.0.1/go.mod h1:k7QoueEqNaVpjwQ+XLVFTXhzhYdvCEMSZaa4MvMV9mw=
github.com/peterhellberg/duration v0.0.0-20180124233644-e84f2822e8a0 h1:MWioEoep2k2UHAo1s6jbOPKcoaEGFALMgQpnYpIToLA=
github.com/peterhellberg/duration v0.0.0-20180124233644-e84f2822e8a0/go.mod h1:x5xjkH61fUOJVgCCDgqNzlJvdLXiYpmMzSuum2FBOaw=
